
Microsoft Visual Studio Solution File, Format Version 11.00
# Visual Studio 2010
Project("{FAE04EC0-301F-11D3-BF4B-00C04F79EFBC}") = "17-an", "Assembly-CSharp.csproj", "{90E91CB0-BC88-7043-C3CC-4DAE1714362C}"
EndProject
Global
	GlobalSection(SolutionConfigurationPlatforms) = preSolution
		Debug|Any CPU = Debug|Any CPU
		Release|Any CPU = Release|Any CPU
	EndGlobalSection
	GlobalSection(ProjectConfigurationPlatforms) = postSolution
		{90E91CB0-BC88-7043-C3CC-4DAE1714362C}.Debug|Any CPU.ActiveCfg = Debug|Any CPU
		{90E91CB0-BC88-7043-C3CC-4DAE1714362C}.Debug|Any CPU.Build.0 = Debug|Any CPU
		{90E91CB0-BC88-7043-C3CC-4DAE1714362C}.Release|Any CPU.ActiveCfg = Release|Any CPU
		{90E91CB0-BC88-7043-C3CC-4DAE1714362C}.Release|Any CPU.Build.0 = Release|Any CPU
	EndGlobalSection
	GlobalSection(SolutionProperties) = preSolution
		HideSolutionNode = FALSE
	EndGlobalSection
	GlobalSection(MonoDevelopProperties) = preSolution
		StartupItem = Assembly-CSharp.csproj
	EndGlobalSection
EndGlobal
